
Microsoft Visual Studio Solution File, Format Version 12.00
# Visual Studio Version 17
VisualStudioVersion = 17.1.32421.90
MinimumVisualStudioVersion = 10.0.40219.1
Project("{FAE04EC0-301F-11D3-BF4B-00C04F79EFBC}") = "Web.Api", "prime-api\Web.Api.csproj", "{1EF391ED-4CA1-49EB-8D4E-236221F53510}"
EndProject
Global
	GlobalSection(SolutionConfigurationPlatforms) = preSolution
		Debug|Any CPU = Debug|Any CPU
		Release|Any CPU = Release|Any CPU
	EndGlobalSection
	GlobalSection(ProjectConfigurationPlatforms) = postSolution
		{1EF391ED-4CA1-49EB-8D4E-236221F53510}.Debug|Any CPU.ActiveCfg = Debug|Any CPU
		{1EF391ED-4CA1-49EB-8D4E-236221F53510}.Debug|Any CPU.Build.0 = Debug|Any CPU
		{1EF391ED-4CA1-49EB-8D4E-236221F53510}.Release|Any CPU.ActiveCfg = Release|Any CPU
		{1EF391ED-4CA1-49EB-8D4E-236221F53510}.Release|Any CPU.Build.0 = Release|Any CPU
	EndGlobalSection
	GlobalSection(SolutionProperties) = preSolution
		HideSolutionNode = FALSE
	EndGlobalSection
	GlobalSection(ExtensibilityGlobals) = postSolution
		SolutionGuid = {46604265-BE30-43DA-A523-FF272A164C49}
	EndGlobalSection
EndGlobal
