
Microsoft Visual Studio Solution File, Format Version 12.00
# Visual Studio Version 16
VisualStudioVersion = 16.0.32228.343
MinimumVisualStudioVersion = 10.0.40219.1
Project("{9A19103F-16F7-4668-BE54-9A1E7A4F7556}") = "Web.Api", "Web.Api.csproj", "{BCA5CE72-02ED-43A4-A1D8-8FDB810EB5F0}"
EndProject
Project("{9A19103F-16F7-4668-BE54-9A1E7A4F7556}") = "Api.Domain", "..\Domain\Api.Domain.csproj", "{073EAA06-9BDC-4B16-A3B5-47EA5878A339}"
EndProject
Project("{9A19103F-16F7-4668-BE54-9A1E7A4F7556}") = "Api.CrossCutting", "..\Api.CrossCutting\Api.CrossCutting.csproj", "{B2599F55-4541-4EA2-BD96-D3060FF145FD}"
EndProject
Project("{9A19103F-16F7-4668-BE54-9A1E7A4F7556}") = "Api.Data", "..\Api.Data\Api.Data.csproj", "{4B1D2517-4AC0-4721-AAE2-BEAF1399AFB4}"
EndProject
Project("{9A19103F-16F7-4668-BE54-9A1E7A4F7556}") = "Api.Service", "..\Api.Service\Api.Service.csproj", "{C32149E5-156E-454A-8366-2C4B1BF7056B}"
EndProject
Project("{2150E333-8FDC-42A3-9474-1A3956D46DE8}") = "Tests", "Tests", "{9F9FB1EB-8AD2-488D-8FDC-562A26206896}"
EndProject
Project("{9A19103F-16F7-4668-BE54-9A1E7A4F7556}") = "Api.Data.Test", "..\Api.Data.Test\Api.Data.Test.csproj", "{CF0D4BF7-24E2-4008-8B65-B87BA852FE88}"
EndProject
Project("{9A19103F-16F7-4668-BE54-9A1E7A4F7556}") = "Api.Service.Test", "..\Api.Service.Test\Api.Service.Test.csproj", "{73B3D470-3946-4417-B45C-A37A63FA0553}"
EndProject
Project("{9A19103F-16F7-4668-BE54-9A1E7A4F7556}") = "Web.Api.Test", "..\Web.Api.Test\Web.Api.Test.csproj", "{97B04C13-D01B-4635-A1B0-776C4D7BEB9A}"
EndProject
Project("{FAE04EC0-301F-11D3-BF4B-00C04F79EFBC}") = "Api.Integration.Test", "..\Api.Integration.Test\Api.Integration.Test.csproj", "{D50BEBB2-A8C3-4C20-9210-474B2A135BF5}"
EndProject
Global
	GlobalSection(SolutionConfigurationPlatforms) = preSolution
		Debug|Any CPU = Debug|Any CPU
		Release|Any CPU = Release|Any CPU
	EndGlobalSection
	GlobalSection(ProjectConfigurationPlatforms) = postSolution
		{BCA5CE72-02ED-43A4-A1D8-8FDB810EB5F0}.Debug|Any CPU.ActiveCfg = Debug|Any CPU
		{BCA5CE72-02ED-43A4-A1D8-8FDB810EB5F0}.Debug|Any CPU.Build.0 = Debug|Any CPU
		{BCA5CE72-02ED-43A4-A1D8-8FDB810EB5F0}.Release|Any CPU.ActiveCfg = Release|Any CPU
		{BCA5CE72-02ED-43A4-A1D8-8FDB810EB5F0}.Release|Any CPU.Build.0 = Release|Any CPU
		{073EAA06-9BDC-4B16-A3B5-47EA5878A339}.Debug|Any CPU.ActiveCfg = Debug|Any CPU
		{073EAA06-9BDC-4B16-A3B5-47EA5878A339}.Debug|Any CPU.Build.0 = Debug|Any CPU
		{073EAA06-9BDC-4B16-A3B5-47EA5878A339}.Release|Any CPU.ActiveCfg = Release|Any CPU
		{073EAA06-9BDC-4B16-A3B5-47EA5878A339}.Release|Any CPU.Build.0 = Release|Any CPU
		{B2599F55-4541-4EA2-BD96-D3060FF145FD}.Debug|Any CPU.ActiveCfg = Debug|Any CPU
		{B2599F55-4541-4EA2-BD96-D3060FF145FD}.Debug|Any CPU.Build.0 = Debug|Any CPU
		{B2599F55-4541-4EA2-BD96-D3060FF145FD}.Release|Any CPU.ActiveCfg = Release|Any CPU
		{B2599F55-4541-4EA2-BD96-D3060FF145FD}.Release|Any CPU.Build.0 = Release|Any CPU
		{4B1D2517-4AC0-4721-AAE2-BEAF1399AFB4}.Debug|Any CPU.ActiveCfg = Debug|Any CPU
		{4B1D2517-4AC0-4721-AAE2-BEAF1399AFB4}.Debug|Any CPU.Build.0 = Debug|Any CPU
		{4B1D2517-4AC0-4721-AAE2-BEAF1399AFB4}.Release|Any CPU.ActiveCfg = Release|Any CPU
		{4B1D2517-4AC0-4721-AAE2-BEAF1399AFB4}.Release|Any CPU.Build.0 = Release|Any CPU
		{C32149E5-156E-454A-8366-2C4B1BF7056B}.Debug|Any CPU.ActiveCfg = Debug|Any CPU
		{C32149E5-156E-454A-8366-2C4B1BF7056B}.Debug|Any CPU.Build.0 = Debug|Any CPU
		{C32149E5-156E-454A-8366-2C4B1BF7056B}.Release|Any CPU.ActiveCfg = Release|Any CPU
		{C32149E5-156E-454A-8366-2C4B1BF7056B}.Release|Any CPU.Build.0 = Release|Any CPU
		{CF0D4BF7-24E2-4008-8B65-B87BA852FE88}.Debug|Any CPU.ActiveCfg = Debug|Any CPU
		{CF0D4BF7-24E2-4008-8B65-B87BA852FE88}.Debug|Any CPU.Build.0 = Debug|Any CPU
		{CF0D4BF7-24E2-4008-8B65-B87BA852FE88}.Release|Any CPU.ActiveCfg = Release|Any CPU
		{CF0D4BF7-24E2-4008-8B65-B87BA852FE88}.Release|Any CPU.Build.0 = Release|Any CPU
		{73B3D470-3946-4417-B45C-A37A63FA0553}.Debug|Any CPU.ActiveCfg = Debug|Any CPU
		{73B3D470-3946-4417-B45C-A37A63FA0553}.Debug|Any CPU.Build.0 = Debug|Any CPU
		{73B3D470-3946-4417-B45C-A37A63FA0553}.Release|Any CPU.ActiveCfg = Release|Any CPU
		{73B3D470-3946-4417-B45C-A37A63FA0553}.Release|Any CPU.Build.0 = Release|Any CPU
		{97B04C13-D01B-4635-A1B0-776C4D7BEB9A}.Debug|Any CPU.ActiveCfg = Debug|Any CPU
		{97B04C13-D01B-4635-A1B0-776C4D7BEB9A}.Debug|Any CPU.Build.0 = Debug|Any CPU
		{97B04C13-D01B-4635-A1B0-776C4D7BEB9A}.Release|Any CPU.ActiveCfg = Release|Any CPU
		{97B04C13-D01B-4635-A1B0-776C4D7BEB9A}.Release|Any CPU.Build.0 = Release|Any CPU
		{D50BEBB2-A8C3-4C20-9210-474B2A135BF5}.Debug|Any CPU.ActiveCfg = Debug|Any CPU
		{D50BEBB2-A8C3-4C20-9210-474B2A135BF5}.Debug|Any CPU.Build.0 = Debug|Any CPU
		{D50BEBB2-A8C3-4C20-9210-474B2A135BF5}.Release|Any CPU.ActiveCfg = Release|Any CPU
		{D50BEBB2-A8C3-4C20-9210-474B2A135BF5}.Release|Any CPU.Build.0 = Release|Any CPU
	EndGlobalSection
	GlobalSection(SolutionProperties) = preSolution
		HideSolutionNode = FALSE
	EndGlobalSection
	GlobalSection(NestedProjects) = preSolution
		{CF0D4BF7-24E2-4008-8B65-B87BA852FE88} = {9F9FB1EB-8AD2-488D-8FDC-562A26206896}
		{73B3D470-3946-4417-B45C-A37A63FA0553} = {9F9FB1EB-8AD2-488D-8FDC-562A26206896}
		{97B04C13-D01B-4635-A1B0-776C4D7BEB9A} = {9F9FB1EB-8AD2-488D-8FDC-562A26206896}
		{D50BEBB2-A8C3-4C20-9210-474B2A135BF5} = {9F9FB1EB-8AD2-488D-8FDC-562A26206896}
	EndGlobalSection
	GlobalSection(ExtensibilityGlobals) = postSolution
		SolutionGuid = {F36CCAD6-E22C-4D0B-81FE-B1492E2CAE32}
	EndGlobalSection
EndGlobal
